
Microsoft Visual Studio Solution File, Format Version 10.00
# Visual C++ Express 2008
Project("{8BC9CEB8-8B4A-11D0-8D11-00A0C91BC942}") = "PixieLib", "PixieLib\PixieLib.vcproj", "{5A4F45F1-D06B-4819-9406-0EEC9E70001D}"
EndProject
Project("{8BC9CEB8-8B4A-11D0-8D11-00A0C91BC942}") = "PixieAGT", "PixieAGT\PixieAGT.vcproj", "{6356102D-276C-480C-95C7-7F8ABAD47A81}"
	ProjectSection(ProjectDependencies) = postProject
		{5A4F45F1-D06B-4819-9406-0EEC9E70001D} = {5A4F45F1-D06B-4819-9406-0EEC9E70001D}
	EndProjectSection
EndProject
Project("{8BC9CEB8-8B4A-11D0-8D11-00A0C91BC942}") = "PixieFGT", "PixieFGT\PixieFGT.vcproj", "{B977A771-1369-4E10-B910-20096E66CB6E}"
	ProjectSection(ProjectDependencies) = postProject
		{5A4F45F1-D06B-4819-9406-0EEC9E70001D} = {5A4F45F1-D06B-4819-9406-0EEC9E70001D}
	EndProjectSection
EndProject
Project("{8BC9CEB8-8B4A-11D0-8D11-00A0C91BC942}") = "PixiePCT", "PixiePCT\PixiePCT.vcproj", "{B7C6D7CE-E448-4536-9F44-F3F3E7D269D0}"
	ProjectSection(ProjectDependencies) = postProject
		{5A4F45F1-D06B-4819-9406-0EEC9E70001D} = {5A4F45F1-D06B-4819-9406-0EEC9E70001D}
	EndProjectSection
EndProject
Project("{8BC9CEB8-8B4A-11D0-8D11-00A0C91BC942}") = "PixiePVT", "PixiePVT\PixiePVT.vcproj", "{7A7387A4-62B2-4C1D-B43C-9BE1E31009ED}"
	ProjectSection(ProjectDependencies) = postProject
		{5A4F45F1-D06B-4819-9406-0EEC9E70001D} = {5A4F45F1-D06B-4819-9406-0EEC9E70001D}
	EndProjectSection
EndProject
Project("{8BC9CEB8-8B4A-11D0-8D11-00A0C91BC942}") = "Sample1_HelloWorld", "Sample1_HelloWorld\Sample1_HelloWorld.vcproj", "{BC4FA7C5-7024-44B4-BD32-729DC9C53B6A}"
	ProjectSection(ProjectDependencies) = postProject
		{5A4F45F1-D06B-4819-9406-0EEC9E70001D} = {5A4F45F1-D06B-4819-9406-0EEC9E70001D}
	EndProjectSection
EndProject
Project("{8BC9CEB8-8B4A-11D0-8D11-00A0C91BC942}") = "Sample2_BouncingBall", "Sample2_BouncingBall\Sample2_BouncingBall.vcproj", "{016CB556-8730-44FE-80C2-199A2F761EA4}"
	ProjectSection(ProjectDependencies) = postProject
		{5A4F45F1-D06B-4819-9406-0EEC9E70001D} = {5A4F45F1-D06B-4819-9406-0EEC9E70001D}
	EndProjectSection
EndProject
Project("{8BC9CEB8-8B4A-11D0-8D11-00A0C91BC942}") = "Sample3_MultiBalls", "Sample3_MultiBalls\Sample3_MultiBalls.vcproj", "{558D7D81-FC1A-45EE-A040-0FBD8A906A8B}"
	ProjectSection(ProjectDependencies) = postProject
		{5A4F45F1-D06B-4819-9406-0EEC9E70001D} = {5A4F45F1-D06B-4819-9406-0EEC9E70001D}
	EndProjectSection
EndProject
Project("{8BC9CEB8-8B4A-11D0-8D11-00A0C91BC942}") = "PixiePPT", "PixiePPT\PixiePPT.vcproj", "{6F9553C6-0E39-4969-B9CA-9ECFDE206CAE}"
	ProjectSection(ProjectDependencies) = postProject
		{5A4F45F1-D06B-4819-9406-0EEC9E70001D} = {5A4F45F1-D06B-4819-9406-0EEC9E70001D}
	EndProjectSection
EndProject
Project("{8BC9CEB8-8B4A-11D0-8D11-00A0C91BC942}") = "Sample4_Snake", "Sample4_Snake\Sample4_Snake.vcproj", "{428EE571-BA55-4ABC-88F9-37E52C7C55D6}"
	ProjectSection(ProjectDependencies) = postProject
		{5A4F45F1-D06B-4819-9406-0EEC9E70001D} = {5A4F45F1-D06B-4819-9406-0EEC9E70001D}
	EndProjectSection
EndProject
Global
	GlobalSection(SolutionConfigurationPlatforms) = preSolution
		Debug|Win32 = Debug|Win32
		Release|Win32 = Release|Win32
	EndGlobalSection
	GlobalSection(ProjectConfigurationPlatforms) = postSolution
		{5A4F45F1-D06B-4819-9406-0EEC9E70001D}.Debug|Win32.ActiveCfg = Debug|Win32
		{5A4F45F1-D06B-4819-9406-0EEC9E70001D}.Debug|Win32.Build.0 = Debug|Win32
		{5A4F45F1-D06B-4819-9406-0EEC9E70001D}.Release|Win32.ActiveCfg = Release|Win32
		{5A4F45F1-D06B-4819-9406-0EEC9E70001D}.Release|Win32.Build.0 = Release|Win32
		{6356102D-276C-480C-95C7-7F8ABAD47A81}.Debug|Win32.ActiveCfg = Debug|Win32
		{6356102D-276C-480C-95C7-7F8ABAD47A81}.Debug|Win32.Build.0 = Debug|Win32
		{6356102D-276C-480C-95C7-7F8ABAD47A81}.Release|Win32.ActiveCfg = Release|Win32
		{6356102D-276C-480C-95C7-7F8ABAD47A81}.Release|Win32.Build.0 = Release|Win32
		{B977A771-1369-4E10-B910-20096E66CB6E}.Debug|Win32.ActiveCfg = Debug|Win32
		{B977A771-1369-4E10-B910-20096E66CB6E}.Debug|Win32.Build.0 = Debug|Win32
		{B977A771-1369-4E10-B910-20096E66CB6E}.Release|Win32.ActiveCfg = Release|Win32
		{B977A771-1369-4E10-B910-20096E66CB6E}.Release|Win32.Build.0 = Release|Win32
		{B7C6D7CE-E448-4536-9F44-F3F3E7D269D0}.Debug|Win32.ActiveCfg = Debug|Win32
		{B7C6D7CE-E448-4536-9F44-F3F3E7D269D0}.Debug|Win32.Build.0 = Debug|Win32
		{B7C6D7CE-E448-4536-9F44-F3F3E7D269D0}.Release|Win32.ActiveCfg = Release|Win32
		{B7C6D7CE-E448-4536-9F44-F3F3E7D269D0}.Release|Win32.Build.0 = Release|Win32
		{7A7387A4-62B2-4C1D-B43C-9BE1E31009ED}.Debug|Win32.ActiveCfg = Debug|Win32
		{7A7387A4-62B2-4C1D-B43C-9BE1E31009ED}.Debug|Win32.Build.0 = Debug|Win32
		{7A7387A4-62B2-4C1D-B43C-9BE1E31009ED}.Release|Win32.ActiveCfg = Release|Win32
		{7A7387A4-62B2-4C1D-B43C-9BE1E31009ED}.Release|Win32.Build.0 = Release|Win32
		{BC4FA7C5-7024-44B4-BD32-729DC9C53B6A}.Debug|Win32.ActiveCfg = Debug|Win32
		{BC4FA7C5-7024-44B4-BD32-729DC9C53B6A}.Debug|Win32.Build.0 = Debug|Win32
		{BC4FA7C5-7024-44B4-BD32-729DC9C53B6A}.Release|Win32.ActiveCfg = Release|Win32
		{BC4FA7C5-7024-44B4-BD32-729DC9C53B6A}.Release|Win32.Build.0 = Release|Win32
		{016CB556-8730-44FE-80C2-199A2F761EA4}.Debug|Win32.ActiveCfg = Debug|Win32
		{016CB556-8730-44FE-80C2-199A2F761EA4}.Debug|Win32.Build.0 = Debug|Win32
		{016CB556-8730-44FE-80C2-199A2F761EA4}.Release|Win32.ActiveCfg = Release|Win32
		{016CB556-8730-44FE-80C2-199A2F761EA4}.Release|Win32.Build.0 = Release|Win32
		{558D7D81-FC1A-45EE-A040-0FBD8A906A8B}.Debug|Win32.ActiveCfg = Debug|Win32
		{558D7D81-FC1A-45EE-A040-0FBD8A906A8B}.Debug|Win32.Build.0 = Debug|Win32
		{558D7D81-FC1A-45EE-A040-0FBD8A906A8B}.Release|Win32.ActiveCfg = Release|Win32
		{558D7D81-FC1A-45EE-A040-0FBD8A906A8B}.Release|Win32.Build.0 = Release|Win32
		{6F9553C6-0E39-4969-B9CA-9ECFDE206CAE}.Debug|Win32.ActiveCfg = Debug|Win32
		{6F9553C6-0E39-4969-B9CA-9ECFDE206CAE}.Debug|Win32.Build.0 = Debug|Win32
		{6F9553C6-0E39-4969-B9CA-9ECFDE206CAE}.Release|Win32.ActiveCfg = Release|Win32
		{6F9553C6-0E39-4969-B9CA-9ECFDE206CAE}.Release|Win32.Build.0 = Release|Win32
		{428EE571-BA55-4ABC-88F9-37E52C7C55D6}.Debug|Win32.ActiveCfg = Debug|Win32
		{428EE571-BA55-4ABC-88F9-37E52C7C55D6}.Debug|Win32.Build.0 = Debug|Win32
		{428EE571-BA55-4ABC-88F9-37E52C7C55D6}.Release|Win32.ActiveCfg = Release|Win32
		{428EE571-BA55-4ABC-88F9-37E52C7C55D6}.Release|Win32.Build.0 = Release|Win32
	EndGlobalSection
	GlobalSection(SolutionProperties) = preSolution
		HideSolutionNode = FALSE
	EndGlobalSection
EndGlobal
